
Microsoft Visual Studio Solution File, Format Version 12.00
# Visual Studio 14
VisualStudioVersion = 14.0.23107.0
MinimumVisualStudioVersion = 10.0.40219.1
Project("{2150E333-8FDC-42A3-9474-1A3956D46DE8}") = "0-UI", "0-UI", "{73CC2798-138E-4903-AD61-C4378D3671FC}"
EndProject
Project("{2150E333-8FDC-42A3-9474-1A3956D46DE8}") = "2-Application", "2-Application", "{D753738B-A260-4225-9EEF-77B7DBC4B03D}"
EndProject
Project("{2150E333-8FDC-42A3-9474-1A3956D46DE8}") = "3-Domain", "3-Domain", "{C01620FC-9378-4D9B-BF92-3E2AEF9FE4FB}"
EndProject
Project("{2150E333-8FDC-42A3-9474-1A3956D46DE8}") = "4-Infrastructure", "4-Infrastructure", "{A3DEDFDC-B066-42BF-AD08-AC143AB5901A}"
EndProject
Project("{2150E333-8FDC-42A3-9474-1A3956D46DE8}") = "1-Distributed Services", "1-Distributed Services", "{506E03DA-BB71-48C9-9C4B-8D50ED65A0A7}"
EndProject
Project("{2150E333-8FDC-42A3-9474-1A3956D46DE8}") = "4.1 - Data Repository", "4.1 - Data Repository", "{2D9767C1-B765-4167-8A64-078A841C1F40}"
EndProject
Project("{2150E333-8FDC-42A3-9474-1A3956D46DE8}") = "5 - Database", "5 - Database", "{5FC1FB5E-C5CF-494D-B8EF-D8AD303FD6A4}"
EndProject
Project("{2150E333-8FDC-42A3-9474-1A3956D46DE8}") = "4.2 - Cross Cutting", "4.2 - Cross Cutting", "{BE4F56FA-E9DE-4BC0-906E-9CA3ACA9AB59}"
EndProject
Project("{2150E333-8FDC-42A3-9474-1A3956D46DE8}") = "0.1 - MVC", "0.1 - MVC", "{338AF406-5F3B-4F02-8006-74A8B2257BAE}"
EndProject
Project("{2150E333-8FDC-42A3-9474-1A3956D46DE8}") = "4.3 - External Services", "4.3 - External Services", "{F1DCF367-9D80-409B-B106-DDAB62F8844E}"
EndProject
Project("{00D1A9C2-B5F0-4AF3-8072-F6C62B433612}") = "AppExemplo.Database", "AppExemplo.Database\AppExemplo.Database.sqlproj", "{8A5C31D5-26DF-4870-9F8E-517D20193D41}"
EndProject
Project("{2150E333-8FDC-42A3-9474-1A3956D46DE8}") = "3.1 - Core", "3.1 - Core", "{D60E82C1-EBB1-41DE-B335-CFB381457E34}"
EndProject
Project("{FAE04EC0-301F-11D3-BF4B-00C04F79EFBC}") = "AppExemplo.Domain.Core", "AppExemplo.Domain.Core\AppExemplo.Domain.Core.csproj", "{82B20D60-2C85-407B-B4E2-6C5108CE8597}"
EndProject
Project("{2150E333-8FDC-42A3-9474-1A3956D46DE8}") = "3.2 - Cadastro", "3.2 - Cadastro", "{AE1B0DCE-2406-43B5-8EF7-5B976E726394}"
EndProject
Project("{FAE04EC0-301F-11D3-BF4B-00C04F79EFBC}") = "AppExemplo.Domain.Cadastro", "AppExemplo.Domain.Cadastro\AppExemplo.Domain.Cadastro.csproj", "{46E52D24-AF02-4423-88F8-EA6890792A09}"
EndProject
Project("{2150E333-8FDC-42A3-9474-1A3956D46DE8}") = "3.3 - Financeiro", "3.3 - Financeiro", "{48F10810-81A2-42C0-9808-C30D9E053CBE}"
EndProject
Project("{FAE04EC0-301F-11D3-BF4B-00C04F79EFBC}") = "AppExemplo.Domain.Financeiro", "AppExemplo.Domain.Financeiro\AppExemplo.Domain.Financeiro.csproj", "{DE037FFE-8054-407E-B640-85169B7429AF}"
EndProject
Project("{FAE04EC0-301F-11D3-BF4B-00C04F79EFBC}") = "AppExemplo.Data.Core", "AppExemplo.Data.Core\AppExemplo.Data.Core.csproj", "{0B20F130-30A5-4E15-BAFE-CA3496E14799}"
EndProject
Project("{2150E333-8FDC-42A3-9474-1A3956D46DE8}") = "4.1.1 - Core", "4.1.1 - Core", "{33220416-5674-47DE-BC1F-A4E3B487BB26}"
EndProject
Project("{2150E333-8FDC-42A3-9474-1A3956D46DE8}") = "4.1.2 - Cadastro", "4.1.2 - Cadastro", "{E730DB79-F6B0-488D-87AB-F0026B4EBA9F}"
EndProject
Project("{FAE04EC0-301F-11D3-BF4B-00C04F79EFBC}") = "AppExemplo.Data.Cadastro", "AppExemplo.Data.Cadastro\AppExemplo.Data.Cadastro.csproj", "{50FBF95C-538E-40F9-BD6E-F281D6A7B256}"
EndProject
Project("{2150E333-8FDC-42A3-9474-1A3956D46DE8}") = "4.1.3 - Financeiro", "4.1.3 - Financeiro", "{8D947B0D-FA3D-476D-B4DE-5E88031D3444}"
EndProject
Project("{FAE04EC0-301F-11D3-BF4B-00C04F79EFBC}") = "AppExemplo.Data.Financeiro", "AppExemplo.Data.Financeiro\AppExemplo.Data.Financeiro.csproj", "{3571B7DE-618C-4D32-9BEB-5FF36BD84024}"
EndProject
Global
	GlobalSection(SolutionConfigurationPlatforms) = preSolution
		Debug|Any CPU = Debug|Any CPU
		Debug|ARM = Debug|ARM
		Debug|x64 = Debug|x64
		Debug|x86 = Debug|x86
		Release|Any CPU = Release|Any CPU
		Release|ARM = Release|ARM
		Release|x64 = Release|x64
		Release|x86 = Release|x86
	EndGlobalSection
	GlobalSection(ProjectConfigurationPlatforms) = postSolution
		{8A5C31D5-26DF-4870-9F8E-517D20193D41}.Debug|Any CPU.ActiveCfg = Debug|Any CPU
		{8A5C31D5-26DF-4870-9F8E-517D20193D41}.Debug|Any CPU.Build.0 = Debug|Any CPU
		{8A5C31D5-26DF-4870-9F8E-517D20193D41}.Debug|Any CPU.Deploy.0 = Debug|Any CPU
		{8A5C31D5-26DF-4870-9F8E-517D20193D41}.Debug|ARM.ActiveCfg = Debug|Any CPU
		{8A5C31D5-26DF-4870-9F8E-517D20193D41}.Debug|ARM.Build.0 = Debug|Any CPU
		{8A5C31D5-26DF-4870-9F8E-517D20193D41}.Debug|ARM.Deploy.0 = Debug|Any CPU
		{8A5C31D5-26DF-4870-9F8E-517D20193D41}.Debug|x64.ActiveCfg = Debug|Any CPU
		{8A5C31D5-26DF-4870-9F8E-517D20193D41}.Debug|x64.Build.0 = Debug|Any CPU
		{8A5C31D5-26DF-4870-9F8E-517D20193D41}.Debug|x64.Deploy.0 = Debug|Any CPU
		{8A5C31D5-26DF-4870-9F8E-517D20193D41}.Debug|x86.ActiveCfg = Debug|Any CPU
		{8A5C31D5-26DF-4870-9F8E-517D20193D41}.Debug|x86.Build.0 = Debug|Any CPU
		{8A5C31D5-26DF-4870-9F8E-517D20193D41}.Debug|x86.Deploy.0 = Debug|Any CPU
		{8A5C31D5-26DF-4870-9F8E-517D20193D41}.Release|Any CPU.ActiveCfg = Release|Any CPU
		{8A5C31D5-26DF-4870-9F8E-517D20193D41}.Release|Any CPU.Build.0 = Release|Any CPU
		{8A5C31D5-26DF-4870-9F8E-517D20193D41}.Release|Any CPU.Deploy.0 = Release|Any CPU
		{8A5C31D5-26DF-4870-9F8E-517D20193D41}.Release|ARM.ActiveCfg = Release|Any CPU
		{8A5C31D5-26DF-4870-9F8E-517D20193D41}.Release|ARM.Build.0 = Release|Any CPU
		{8A5C31D5-26DF-4870-9F8E-517D20193D41}.Release|ARM.Deploy.0 = Release|Any CPU
		{8A5C31D5-26DF-4870-9F8E-517D20193D41}.Release|x64.ActiveCfg = Release|Any CPU
		{8A5C31D5-26DF-4870-9F8E-517D20193D41}.Release|x64.Build.0 = Release|Any CPU
		{8A5C31D5-26DF-4870-9F8E-517D20193D41}.Release|x64.Deploy.0 = Release|Any CPU
		{8A5C31D5-26DF-4870-9F8E-517D20193D41}.Release|x86.ActiveCfg = Release|Any CPU
		{8A5C31D5-26DF-4870-9F8E-517D20193D41}.Release|x86.Build.0 = Release|Any CPU
		{8A5C31D5-26DF-4870-9F8E-517D20193D41}.Release|x86.Deploy.0 = Release|Any CPU
		{82B20D60-2C85-407B-B4E2-6C5108CE8597}.Debug|Any CPU.ActiveCfg = Debug|Any CPU
		{82B20D60-2C85-407B-B4E2-6C5108CE8597}.Debug|Any CPU.Build.0 = Debug|Any CPU
		{82B20D60-2C85-407B-B4E2-6C5108CE8597}.Debug|ARM.ActiveCfg = Debug|Any CPU
		{82B20D60-2C85-407B-B4E2-6C5108CE8597}.Debug|ARM.Build.0 = Debug|Any CPU
		{82B20D60-2C85-407B-B4E2-6C5108CE8597}.Debug|x64.ActiveCfg = Debug|Any CPU
		{82B20D60-2C85-407B-B4E2-6C5108CE8597}.Debug|x64.Build.0 = Debug|Any CPU
		{82B20D60-2C85-407B-B4E2-6C5108CE8597}.Debug|x86.ActiveCfg = Debug|Any CPU
		{82B20D60-2C85-407B-B4E2-6C5108CE8597}.Debug|x86.Build.0 = Debug|Any CPU
		{82B20D60-2C85-407B-B4E2-6C5108CE8597}.Release|Any CPU.ActiveCfg = Release|Any CPU
		{82B20D60-2C85-407B-B4E2-6C5108CE8597}.Release|Any CPU.Build.0 = Release|Any CPU
		{82B20D60-2C85-407B-B4E2-6C5108CE8597}.Release|ARM.ActiveCfg = Release|Any CPU
		{82B20D60-2C85-407B-B4E2-6C5108CE8597}.Release|ARM.Build.0 = Release|Any CPU
		{82B20D60-2C85-407B-B4E2-6C5108CE8597}.Release|x64.ActiveCfg = Release|Any CPU
		{82B20D60-2C85-407B-B4E2-6C5108CE8597}.Release|x64.Build.0 = Release|Any CPU
		{82B20D60-2C85-407B-B4E2-6C5108CE8597}.Release|x86.ActiveCfg = Release|Any CPU
		{82B20D60-2C85-407B-B4E2-6C5108CE8597}.Release|x86.Build.0 = Release|Any CPU
		{46E52D24-AF02-4423-88F8-EA6890792A09}.Debug|Any CPU.ActiveCfg = Debug|Any CPU
		{46E52D24-AF02-4423-88F8-EA6890792A09}.Debug|Any CPU.Build.0 = Debug|Any CPU
		{46E52D24-AF02-4423-88F8-EA6890792A09}.Debug|ARM.ActiveCfg = Debug|Any CPU
		{46E52D24-AF02-4423-88F8-EA6890792A09}.Debug|ARM.Build.0 = Debug|Any CPU
		{46E52D24-AF02-4423-88F8-EA6890792A09}.Debug|x64.ActiveCfg = Debug|Any CPU
		{46E52D24-AF02-4423-88F8-EA6890792A09}.Debug|x64.Build.0 = Debug|Any CPU
		{46E52D24-AF02-4423-88F8-EA6890792A09}.Debug|x86.ActiveCfg = Debug|Any CPU
		{46E52D24-AF02-4423-88F8-EA6890792A09}.Debug|x86.Build.0 = Debug|Any CPU
		{46E52D24-AF02-4423-88F8-EA6890792A09}.Release|Any CPU.ActiveCfg = Release|Any CPU
		{46E52D24-AF02-4423-88F8-EA6890792A09}.Release|Any CPU.Build.0 = Release|Any CPU
		{46E52D24-AF02-4423-88F8-EA6890792A09}.Release|ARM.ActiveCfg = Release|Any CPU
		{46E52D24-AF02-4423-88F8-EA6890792A09}.Release|ARM.Build.0 = Release|Any CPU
		{46E52D24-AF02-4423-88F8-EA6890792A09}.Release|x64.ActiveCfg = Release|Any CPU
		{46E52D24-AF02-4423-88F8-EA6890792A09}.Release|x64.Build.0 = Release|Any CPU
		{46E52D24-AF02-4423-88F8-EA6890792A09}.Release|x86.ActiveCfg = Release|Any CPU
		{46E52D24-AF02-4423-88F8-EA6890792A09}.Release|x86.Build.0 = Release|Any CPU
		{DE037FFE-8054-407E-B640-85169B7429AF}.Debug|Any CPU.ActiveCfg = Debug|Any CPU
		{DE037FFE-8054-407E-B640-85169B7429AF}.Debug|Any CPU.Build.0 = Debug|Any CPU
		{DE037FFE-8054-407E-B640-85169B7429AF}.Debug|ARM.ActiveCfg = Debug|Any CPU
		{DE037FFE-8054-407E-B640-85169B7429AF}.Debug|ARM.Build.0 = Debug|Any CPU
		{DE037FFE-8054-407E-B640-85169B7429AF}.Debug|x64.ActiveCfg = Debug|Any CPU
		{DE037FFE-8054-407E-B640-85169B7429AF}.Debug|x64.Build.0 = Debug|Any CPU
		{DE037FFE-8054-407E-B640-85169B7429AF}.Debug|x86.ActiveCfg = Debug|Any CPU
		{DE037FFE-8054-407E-B640-85169B7429AF}.Debug|x86.Build.0 = Debug|Any CPU
		{DE037FFE-8054-407E-B640-85169B7429AF}.Release|Any CPU.ActiveCfg = Release|Any CPU
		{DE037FFE-8054-407E-B640-85169B7429AF}.Release|Any CPU.Build.0 = Release|Any CPU
		{DE037FFE-8054-407E-B640-85169B7429AF}.Release|ARM.ActiveCfg = Release|Any CPU
		{DE037FFE-8054-407E-B640-85169B7429AF}.Release|ARM.Build.0 = Release|Any CPU
		{DE037FFE-8054-407E-B640-85169B7429AF}.Release|x64.ActiveCfg = Release|Any CPU
		{DE037FFE-8054-407E-B640-85169B7429AF}.Release|x64.Build.0 = Release|Any CPU
		{DE037FFE-8054-407E-B640-85169B7429AF}.Release|x86.ActiveCfg = Release|Any CPU
		{DE037FFE-8054-407E-B640-85169B7429AF}.Release|x86.Build.0 = Release|Any CPU
		{0B20F130-30A5-4E15-BAFE-CA3496E14799}.Debug|Any CPU.ActiveCfg = Debug|Any CPU
		{0B20F130-30A5-4E15-BAFE-CA3496E14799}.Debug|Any CPU.Build.0 = Debug|Any CPU
		{0B20F130-30A5-4E15-BAFE-CA3496E14799}.Debug|ARM.ActiveCfg = Debug|Any CPU
		{0B20F130-30A5-4E15-BAFE-CA3496E14799}.Debug|ARM.Build.0 = Debug|Any CPU
		{0B20F130-30A5-4E15-BAFE-CA3496E14799}.Debug|x64.ActiveCfg = Debug|Any CPU
		{0B20F130-30A5-4E15-BAFE-CA3496E14799}.Debug|x64.Build.0 = Debug|Any CPU
		{0B20F130-30A5-4E15-BAFE-CA3496E14799}.Debug|x86.ActiveCfg = Debug|Any CPU
		{0B20F130-30A5-4E15-BAFE-CA3496E14799}.Debug|x86.Build.0 = Debug|Any CPU
		{0B20F130-30A5-4E15-BAFE-CA3496E14799}.Release|Any CPU.ActiveCfg = Release|Any CPU
		{0B20F130-30A5-4E15-BAFE-CA3496E14799}.Release|Any CPU.Build.0 = Release|Any CPU
		{0B20F130-30A5-4E15-BAFE-CA3496E14799}.Release|ARM.ActiveCfg = Release|Any CPU
		{0B20F130-30A5-4E15-BAFE-CA3496E14799}.Release|ARM.Build.0 = Release|Any CPU
		{0B20F130-30A5-4E15-BAFE-CA3496E14799}.Release|x64.ActiveCfg = Release|Any CPU
		{0B20F130-30A5-4E15-BAFE-CA3496E14799}.Release|x64.Build.0 = Release|Any CPU
		{0B20F130-30A5-4E15-BAFE-CA3496E14799}.Release|x86.ActiveCfg = Release|Any CPU
		{0B20F130-30A5-4E15-BAFE-CA3496E14799}.Release|x86.Build.0 = Release|Any CPU
		{50FBF95C-538E-40F9-BD6E-F281D6A7B256}.Debug|Any CPU.ActiveCfg = Debug|Any CPU
		{50FBF95C-538E-40F9-BD6E-F281D6A7B256}.Debug|Any CPU.Build.0 = Debug|Any CPU
		{50FBF95C-538E-40F9-BD6E-F281D6A7B256}.Debug|ARM.ActiveCfg = Debug|Any CPU
		{50FBF95C-538E-40F9-BD6E-F281D6A7B256}.Debug|ARM.Build.0 = Debug|Any CPU
		{50FBF95C-538E-40F9-BD6E-F281D6A7B256}.Debug|x64.ActiveCfg = Debug|Any CPU
		{50FBF95C-538E-40F9-BD6E-F281D6A7B256}.Debug|x64.Build.0 = Debug|Any CPU
		{50FBF95C-538E-40F9-BD6E-F281D6A7B256}.Debug|x86.ActiveCfg = Debug|Any CPU
		{50FBF95C-538E-40F9-BD6E-F281D6A7B256}.Debug|x86.Build.0 = Debug|Any CPU
		{50FBF95C-538E-40F9-BD6E-F281D6A7B256}.Release|Any CPU.ActiveCfg = Release|Any CPU
		{50FBF95C-538E-40F9-BD6E-F281D6A7B256}.Release|Any CPU.Build.0 = Release|Any CPU
		{50FBF95C-538E-40F9-BD6E-F281D6A7B256}.Release|ARM.ActiveCfg = Release|Any CPU
		{50FBF95C-538E-40F9-BD6E-F281D6A7B256}.Release|ARM.Build.0 = Release|Any CPU
		{50FBF95C-538E-40F9-BD6E-F281D6A7B256}.Release|x64.ActiveCfg = Release|Any CPU
		{50FBF95C-538E-40F9-BD6E-F281D6A7B256}.Release|x64.Build.0 = Release|Any CPU
		{50FBF95C-538E-40F9-BD6E-F281D6A7B256}.Release|x86.ActiveCfg = Release|Any CPU
		{50FBF95C-538E-40F9-BD6E-F281D6A7B256}.Release|x86.Build.0 = Release|Any CPU
		{3571B7DE-618C-4D32-9BEB-5FF36BD84024}.Debug|Any CPU.ActiveCfg = Debug|Any CPU
		{3571B7DE-618C-4D32-9BEB-5FF36BD84024}.Debug|Any CPU.Build.0 = Debug|Any CPU
		{3571B7DE-618C-4D32-9BEB-5FF36BD84024}.Debug|ARM.ActiveCfg = Debug|Any CPU
		{3571B7DE-618C-4D32-9BEB-5FF36BD84024}.Debug|ARM.Build.0 = Debug|Any CPU
		{3571B7DE-618C-4D32-9BEB-5FF36BD84024}.Debug|x64.ActiveCfg = Debug|Any CPU
		{3571B7DE-618C-4D32-9BEB-5FF36BD84024}.Debug|x64.Build.0 = Debug|Any CPU
		{3571B7DE-618C-4D32-9BEB-5FF36BD84024}.Debug|x86.ActiveCfg = Debug|Any CPU
		{3571B7DE-618C-4D32-9BEB-5FF36BD84024}.Debug|x86.Build.0 = Debug|Any CPU
		{3571B7DE-618C-4D32-9BEB-5FF36BD84024}.Release|Any CPU.ActiveCfg = Release|Any CPU
		{3571B7DE-618C-4D32-9BEB-5FF36BD84024}.Release|Any CPU.Build.0 = Release|Any CPU
		{3571B7DE-618C-4D32-9BEB-5FF36BD84024}.Release|ARM.ActiveCfg = Release|Any CPU
		{3571B7DE-618C-4D32-9BEB-5FF36BD84024}.Release|ARM.Build.0 = Release|Any CPU
		{3571B7DE-618C-4D32-9BEB-5FF36BD84024}.Release|x64.ActiveCfg = Release|Any CPU
		{3571B7DE-618C-4D32-9BEB-5FF36BD84024}.Release|x64.Build.0 = Release|Any CPU
		{3571B7DE-618C-4D32-9BEB-5FF36BD84024}.Release|x86.ActiveCfg = Release|Any CPU
		{3571B7DE-618C-4D32-9BEB-5FF36BD84024}.Release|x86.Build.0 = Release|Any CPU
	EndGlobalSection
	GlobalSection(SolutionProperties) = preSolution
		HideSolutionNode = FALSE
	EndGlobalSection
	GlobalSection(NestedProjects) = preSolution
		{2D9767C1-B765-4167-8A64-078A841C1F40} = {A3DEDFDC-B066-42BF-AD08-AC143AB5901A}
		{BE4F56FA-E9DE-4BC0-906E-9CA3ACA9AB59} = {A3DEDFDC-B066-42BF-AD08-AC143AB5901A}
		{338AF406-5F3B-4F02-8006-74A8B2257BAE} = {73CC2798-138E-4903-AD61-C4378D3671FC}
		{F1DCF367-9D80-409B-B106-DDAB62F8844E} = {A3DEDFDC-B066-42BF-AD08-AC143AB5901A}
		{8A5C31D5-26DF-4870-9F8E-517D20193D41} = {5FC1FB5E-C5CF-494D-B8EF-D8AD303FD6A4}
		{D60E82C1-EBB1-41DE-B335-CFB381457E34} = {C01620FC-9378-4D9B-BF92-3E2AEF9FE4FB}
		{82B20D60-2C85-407B-B4E2-6C5108CE8597} = {D60E82C1-EBB1-41DE-B335-CFB381457E34}
		{AE1B0DCE-2406-43B5-8EF7-5B976E726394} = {C01620FC-9378-4D9B-BF92-3E2AEF9FE4FB}
		{46E52D24-AF02-4423-88F8-EA6890792A09} = {AE1B0DCE-2406-43B5-8EF7-5B976E726394}
		{48F10810-81A2-42C0-9808-C30D9E053CBE} = {C01620FC-9378-4D9B-BF92-3E2AEF9FE4FB}
		{DE037FFE-8054-407E-B640-85169B7429AF} = {48F10810-81A2-42C0-9808-C30D9E053CBE}
		{0B20F130-30A5-4E15-BAFE-CA3496E14799} = {33220416-5674-47DE-BC1F-A4E3B487BB26}
		{33220416-5674-47DE-BC1F-A4E3B487BB26} = {2D9767C1-B765-4167-8A64-078A841C1F40}
		{E730DB79-F6B0-488D-87AB-F0026B4EBA9F} = {2D9767C1-B765-4167-8A64-078A841C1F40}
		{50FBF95C-538E-40F9-BD6E-F281D6A7B256} = {E730DB79-F6B0-488D-87AB-F0026B4EBA9F}
		{8D947B0D-FA3D-476D-B4DE-5E88031D3444} = {2D9767C1-B765-4167-8A64-078A841C1F40}
		{3571B7DE-618C-4D32-9BEB-5FF36BD84024} = {8D947B0D-FA3D-476D-B4DE-5E88031D3444}
	EndGlobalSection
EndGlobal
